
Microsoft Visual Studio Solution File, Format Version 12.00
# Visual Studio 15
VisualStudioVersion = 15.0.28010.2048
MinimumVisualStudioVersion = 10.0.40219.1
Project("{9A19103F-16F7-4668-BE54-9A1E7A4F7556}") = "MVCandAngular", "MVCandAngular\MVCandAngular.csproj", "{F9955EE4-78AD-47E8-A94A-C68384AE1E28}"
EndProject
Global
	GlobalSection(SolutionConfigurationPlatforms) = preSolution
		Debug|Any CPU = Debug|Any CPU
		Release|Any CPU = Release|Any CPU
	EndGlobalSection
	GlobalSection(ProjectConfigurationPlatforms) = postSolution
		{F9955EE4-78AD-47E8-A94A-C68384AE1E28}.Debug|Any CPU.ActiveCfg = Debug|Any CPU
		{F9955EE4-78AD-47E8-A94A-C68384AE1E28}.Debug|Any CPU.Build.0 = Debug|Any CPU
		{F9955EE4-78AD-47E8-A94A-C68384AE1E28}.Release|Any CPU.ActiveCfg = Release|Any CPU
		{F9955EE4-78AD-47E8-A94A-C68384AE1E28}.Release|Any CPU.Build.0 = Release|Any CPU
	EndGlobalSection
	GlobalSection(SolutionProperties) = preSolution
		HideSolutionNode = FALSE
	EndGlobalSection
	GlobalSection(ExtensibilityGlobals) = postSolution
		SolutionGuid = {4A8B8795-AEB5-4FE0-A710-8B4F2FE837B6}
	EndGlobalSection
EndGlobal
